
Microsoft Visual Studio Solution File, Format Version 12.00
# Visual Studio Version 17
VisualStudioVersion = 17.5.33424.131
MinimumVisualStudioVersion = 10.0.40219.1
Project("{FAE04EC0-301F-11D3-BF4B-00C04F79EFBC}") = "Laboratorio12", "Laboratorio12\Laboratorio12.csproj", "{EE3E0477-9A22-4CE5-913F-E175DE6747CB}"
EndProject
Global
	GlobalSection(SolutionConfigurationPlatforms) = preSolution
		Debug|Any CPU = Debug|Any CPU
		Release|Any CPU = Release|Any CPU
	EndGlobalSection
	GlobalSection(ProjectConfigurationPlatforms) = postSolution
		{EE3E0477-9A22-4CE5-913F-E175DE6747CB}.Debug|Any CPU.ActiveCfg = Debug|Any CPU
		{EE3E0477-9A22-4CE5-913F-E175DE6747CB}.Debug|Any CPU.Build.0 = Debug|Any CPU
		{EE3E0477-9A22-4CE5-913F-E175DE6747CB}.Release|Any CPU.ActiveCfg = Release|Any CPU
		{EE3E0477-9A22-4CE5-913F-E175DE6747CB}.Release|Any CPU.Build.0 = Release|Any CPU
	EndGlobalSection
	GlobalSection(SolutionProperties) = preSolution
		HideSolutionNode = FALSE
	EndGlobalSection
	GlobalSection(ExtensibilityGlobals) = postSolution
		SolutionGuid = {C05F3395-7A8B-469A-9468-4D18D30381D1}
	EndGlobalSection
EndGlobal
